
Microsoft Visual Studio Solution File, Format Version 12.00
# Visual Studio Version 17
VisualStudioVersion = 17.8.34511.84
MinimumVisualStudioVersion = 10.0.40219.1
Project("{FAE04EC0-301F-11D3-BF4B-00C04F79EFBC}") = "Purity_Back", "Purity_Back.csproj", "{7D908A8F-ABBD-4E66-A252-3AB2EE971C74}"
EndProject
Global
	GlobalSection(SolutionConfigurationPlatforms) = preSolution
		Debug|Any CPU = Debug|Any CPU
		Release|Any CPU = Release|Any CPU
	EndGlobalSection
	GlobalSection(ProjectConfigurationPlatforms) = postSolution
		{7D908A8F-ABBD-4E66-A252-3AB2EE971C74}.Debug|Any CPU.ActiveCfg = Debug|Any CPU
		{7D908A8F-ABBD-4E66-A252-3AB2EE971C74}.Debug|Any CPU.Build.0 = Debug|Any CPU
		{7D908A8F-ABBD-4E66-A252-3AB2EE971C74}.Release|Any CPU.ActiveCfg = Release|Any CPU
		{7D908A8F-ABBD-4E66-A252-3AB2EE971C74}.Release|Any CPU.Build.0 = Release|Any CPU
	EndGlobalSection
	GlobalSection(SolutionProperties) = preSolution
		HideSolutionNode = FALSE
	EndGlobalSection
	GlobalSection(ExtensibilityGlobals) = postSolution
		SolutionGuid = {BA387639-EEB4-4D8B-AD68-A8DD8E5CBAC4}
	EndGlobalSection
EndGlobal
